lockfileVersion: '9.0'

settings:
  autoInstallPeers: true
  excludeLinksFromLockfile: false

importers:

  .:
    dependencies:
      tdesign-miniprogram:
        specifier: ^1.9.5
        version: 1.9.5
    devDependencies:
      miniprogram-api-typings:
        specifier: ^2.8.3-1
        version: 2.12.0

packages:

  miniprogram-api-typings@2.12.0:
    resolution: {integrity: sha512-ibvbqeslVFur0IAvTxLMvsbtvVcMo6gwvOnj0YZHV7aeDLu091VQRrETT2QuiG9P6aZWRcxeNGJChRKVPCp9VQ==}

  tdesign-miniprogram@1.9.5:
    resolution: {integrity: sha512-TvuGsQFYSJHDpxsa2mXHkEYAkDsoXmFSX+yu2rUxM6aMIHOdRk3ukaC+C4MqgOU6J9cyaLqaPwnhAW/YMD7xcg==}

snapshots:

  miniprogram-api-typings@2.12.0: {}

  tdesign-miniprogram@1.9.5: {}
